// !$*UTF8*$!
{
	archiveVersion = 1;
	classes = {
	};
	objectVersion = 77;
	objects = {

/* Begin PBXBuildFile section */
		AB08DD002CD11ED20090E103 /* Assets.xcassets in Resources */ = {isa = PBXBuildFile; fileRef = AB08DCF72CD11ED20090E103 /* Assets.xcassets */; };
		AB08DD022CD11ED20090E103 /* LaunchScreen.storyboard in Resources */ = {isa = PBXBuildFile; fileRef = AB08DCFA2CD11ED20090E103 /* LaunchScreen.storyboard */; };
		AB08DD042CD11ED20090E103 /* AppDelegate.swift in Sources */ = {isa = PBXBuildFile; fileRef = AB08DCF62CD11ED20090E103 /* AppDelegate.swift */; };
		AB08DD052CD11ED20090E103 /* SceneDelegate.swift in Sources */ = {isa = PBXBuildFile; fileRef = AB08DCFD2CD11ED20090E103 /* SceneDelegate.swift */; };
		AB08DD062CD11ED20090E103 /* MainViewController.swift in Sources */ = {isa = PBXBuildFile; fileRef = AB08DCFE2CD11ED20090E103 /* MainViewController.swift */; };
		AB08DD0E2CD1294A0090E103 /* Helper.swift in Sources */ = {isa = PBXBuildFile; fileRef = AB08DD0D2CD1294A0090E103 /* Helper.swift */; };
		AB08DD122CD285C50090E103 /* TextFieldsManagers.swift in Sources */ = {isa = PBXBuildFile; fileRef = AB08DD112CD285C50090E103 /* TextFieldsManagers.swift */; };
/* End PBXBuildFile section */

/* Begin PBXFileReference section */
		AB08DCDE2CD11EBF0090E103 /* Text Fields.app */ = {isa = PBXFileReference; explicitFileType = wrapper.application; includeInIndex = 0; path = "Text Fields.app"; sourceTree = BUILT_PRODUCTS_DIR; };
		AB08DCF62CD11ED20090E103 /* AppDelegate.swift */ = {isa = PBXFileReference; lastKnownFileType = sourcecode.swift; path = AppDelegate.swift; sourceTree = "<group>"; };
		AB08DCF72CD11ED20090E103 /* Assets.xcassets */ = {isa = PBXFileReference; lastKnownFileType = folder.assetcatalog; path = Assets.xcassets; sourceTree = "<group>"; };
		AB08DCF82CD11ED20090E103 /* Info.plist */ = {isa = PBXFileReference; lastKnownFileType = text.plist.xml; path = Info.plist; sourceTree = "<group>"; };
		AB08DCF92CD11ED20090E103 /* Base */ = {isa = PBXFileReference; lastKnownFileType = file.storyboard; name = Base; path = Base.lproj/LaunchScreen.storyboard; sourceTree = "<group>"; };
		AB08DCFD2CD11ED20090E103 /* SceneDelegate.swift */ = {isa = PBXFileReference; lastKnownFileType = sourcecode.swift; path = SceneDelegate.swift; sourceTree = "<group>"; };
		AB08DCFE2CD11ED20090E103 /* MainViewController.swift */ = {isa = PBXFileReference; lastKnownFileType = sourcecode.swift; path = MainViewController.swift; sourceTree = "<group>"; };
		AB08DD0D2CD1294A0090E103 /* Helper.swift */ = {isa = PBXFileReference; lastKnownFileType = sourcecode.swift; path = Helper.swift; sourceTree = "<group>"; };
		AB08DD112CD285C50090E103 /* TextFieldsManagers.swift */ = {isa = PBXFileReference; lastKnownFileType = sourcecode.swift; path = TextFieldsManagers.swift; sourceTree = "<group>"; };
/* End PBXFileReference section */

/* Begin PBXFrameworksBuildPhase section */
		AB08DCDB2CD11EBF0090E103 /* Frameworks */ = {
			isa = PBXFrameworksBuildPhase;
			buildActionMask = 2147483647;
			files = (
			);
			runOnlyForDeploymentPostprocessing = 0;
		};
/* End PBXFrameworksBuildPhase section */

/* Begin PBXGroup section */
		AB08DCD52CD11EBF0090E103 = {
			isa = PBXGroup;
			children = (
				AB08DCFF2CD11ED20090E103 /* Text Fields */,
				AB08DCDF2CD11EBF0090E103 /* Products */,
			);
			sourceTree = "<group>";
		};
		AB08DCDF2CD11EBF0090E103 /* Products */ = {
			isa = PBXGroup;
			children = (
				AB08DCDE2CD11EBF0090E103 /* Text Fields.app */,
			);
			name = Products;
			sourceTree = "<group>";
		};
		AB08DCFF2CD11ED20090E103 /* Text Fields */ = {
			isa = PBXGroup;
			children = (
				AB08DD102CD285A60090E103 /* Managers */,
				AB08DD0C2CD1292E0090E103 /* Helpers */,
				AB08DD0B2CD11F250090E103 /* Views */,
				AB08DD072CD11ED90090E103 /* Resources */,
				AB08DD092CD11EF80090E103 /* Application */,
				AB08DCF82CD11ED20090E103 /* Info.plist */,
			);
			path = "Text Fields";
			sourceTree = "<group>";
		};
		AB08DD072CD11ED90090E103 /* Resources */ = {
			isa = PBXGroup;
			children = (
				AB08DCFA2CD11ED20090E103 /* LaunchScreen.storyboard */,
				AB08DCF72CD11ED20090E103 /* Assets.xcassets */,
			);
			path = Resources;
			sourceTree = "<group>";
		};
		AB08DD092CD11EF80090E103 /* Application */ = {
			isa = PBXGroup;
			children = (
				AB08DCF62CD11ED20090E103 /* AppDelegate.swift */,
				AB08DCFD2CD11ED20090E103 /* SceneDelegate.swift */,
			);
			path = Application;
			sourceTree = "<group>";
		};
		AB08DD0B2CD11F250090E103 /* Views */ = {
			isa = PBXGroup;
			children = (
				AB08DCFE2CD11ED20090E103 /* MainViewController.swift */,
			);
			path = Views;
			sourceTree = "<group>";
		};
		AB08DD0C2CD1292E0090E103 /* Helpers */ = {
			isa = PBXGroup;
			children = (
				AB08DD0D2CD1294A0090E103 /* Helper.swift */,
			);
			path = Helpers;
			sourceTree = "<group>";
		};
		AB08DD102CD285A60090E103 /* Managers */ = {
			isa = PBXGroup;
			children = (
				AB08DD112CD285C50090E103 /* TextFieldsManagers.swift */,
			);
			path = Managers;
			sourceTree = "<group>";
		};
/* End PBXGroup section */

/* Begin PBXNativeTarget section */
		AB08DCDD2CD11EBF0090E103 /* Text Fields */ = {
			isa = PBXNativeTarget;
			buildConfigurationList = AB08DCF12CD11EC00090E103 /* Build configuration list for PBXNativeTarget "Text Fields" */;
			buildPhases = (
				AB08DCDA2CD11EBF0090E103 /* Sources */,
				AB08DCDB2CD11EBF0090E103 /* Frameworks */,
				AB08DCDC2CD11EBF0090E103 /* Resources */,
			);
			buildRules = (
			);
			dependencies = (
			);
			name = "Text Fields";
			packageProductDependencies = (
			);
			productName = "Text Fields";
			productReference = AB08DCDE2CD11EBF0090E103 /* Text Fields.app */;
			productType = "com.apple.product-type.application";
		};
/* End PBXNativeTarget section */

/* Begin PBXProject section */
		AB08DCD62CD11EBF0090E103 /* Project object */ = {
			isa = PBXProject;
			attributes = {
				BuildIndependentTargetsInParallel = 1;
				LastSwiftUpdateCheck = 1600;
				LastUpgradeCheck = 1600;
				TargetAttributes = {
					AB08DCDD2CD11EBF0090E103 = {
						CreatedOnToolsVersion = 16.0;
					};
				};
			};
			buildConfigurationList = AB08DCD92CD11EBF0090E103 /* Build configuration list for PBXProject "Text Fields" */;
			developmentRegion = en;
			hasScannedForEncodings = 0;
			knownRegions = (
				en,
				Base,
			);
			mainGroup = AB08DCD52CD11EBF0090E103;
			minimizedProjectReferenceProxies = 1;
			preferredProjectObjectVersion = 77;
			productRefGroup = AB08DCDF2CD11EBF0090E103 /* Products */;
			projectDirPath = "";
			projectRoot = "";
			targets = (
				AB08DCDD2CD11EBF0090E103 /* Text Fields */,
			);
		};
/* End PBXProject section */

/* Begin PBXResourcesBuildPhase section */
		AB08DCDC2CD11EBF0090E103 /* Resources */ = {
			isa = PBXResourcesBuildPhase;
			buildActionMask = 2147483647;
			files = (
				AB08DD002CD11ED20090E103 /* Assets.xcassets in Resources */,
				AB08DD022CD11ED20090E103 /* LaunchScreen.storyboard in Resources */,
			);
			runOnlyForDeploymentPostprocessing = 0;
		};
/* End PBXResourcesBuildPhase section */

/* Begin PBXSourcesBuildPhase section */
		AB08DCDA2CD11EBF0090E103 /* Sources */ = {
			isa = PBXSourcesBuildPhase;
			buildActionMask = 2147483647;
			files = (
				AB08DD042CD11ED20090E103 /* AppDelegate.swift in Sources */,
				AB08DD052CD11ED20090E103 /* SceneDelegate.swift in Sources */,
				AB08DD122CD285C50090E103 /* TextFieldsManagers.swift in Sources */,
				AB08DD062CD11ED20090E103 /* MainViewController.swift in Sources */,
				AB08DD0E2CD1294A0090E103 /* Helper.swift in Sources */,
			);
			runOnlyForDeploymentPostprocessing = 0;
		};
/* End PBXSourcesBuildPhase section */

/* Begin PBXVariantGroup section */
		AB08DCFA2CD11ED20090E103 /* LaunchScreen.storyboard */ = {
			isa = PBXVariantGroup;
			children = (
				AB08DCF92CD11ED20090E103 /* Base */,
			);
			name = LaunchScreen.storyboard;
			sourceTree = "<group>";
		};
/* End PBXVariantGroup section */

/* Begin XCBuildConfiguration section */
		AB08DCF22CD11EC00090E103 /* Debug */ = {
			isa = XCBuildConfiguration;
			buildSettings = {
				ASSETCATALOG_COMPILER_APPICON_NAME = AppIcon;
				ASSETCATALOG_COMPILER_GLOBAL_ACCENT_COLOR_NAME = AccentColor;
				CODE_SIGN_STYLE = Automatic;
				CURRENT_PROJECT_VERSION = 1;
				DEVELOPMENT_TEAM = 6YC67WJLSY;
				GENERATE_INFOPLIST_FILE = YES;
				INFOPLIST_FILE = "Text Fields/Info.plist";
				INFOPLIST_KEY_UIApplicationSupportsIndirectInputEvents = YES;
				INFOPLIST_KEY_UILaunchStoryboardName = LaunchScreen;
				INFOPLIST_KEY_UISupportedInterfaceOrientations = UIInterfaceOrientationPortrait;
				IPHONEOS_DEPLOYMENT_TARGET = 15.6;
				LD_RUNPATH_SEARCH_PATHS = (
					"$(inherited)",
					"@executable_path/Frameworks",
				);
				MARKETING_VERSION = 1.0;
				PRODUCT_BUNDLE_IDENTIFIER = "IgorAndCompany.Text-Fields";
				PRODUCT_NAME = "$(TARGET_NAME)";
				SWIFT_EMIT_LOC_STRINGS = YES;
				SWIFT_VERSION = 5.0;
				TARGETED_DEVICE_FAMILY = "1,2";
			};
			name = Debug;
		};
		AB08DCF32CD11EC00090E103 /* Release */ = {
			isa = XCBuildConfiguration;
			buildSettings = {
				ASSETCATALOG_COMPILER_APPICON_NAME = AppIcon;
				ASSETCATALOG_COMPILER_GLOBAL_ACCENT_COLOR_NAME = AccentColor;
				CODE_SIGN_STYLE = Automatic;
				CURRENT_PROJECT_VERSION = 1;
				DEVELOPMENT_TEAM = 6YC67WJLSY;
				GENERATE_INFOPLIST_FILE = YES;
				INFOPLIST_FILE = "Text Fields/Info.plist";
				INFOPLIST_KEY_UIApplicationSupportsIndirectInputEvents = YES;
				INFOPLIST_KEY_UILaunchStoryboardName = LaunchScreen;
				INFOPLIST_KEY_UISupportedInterfaceOrientations = UIInterfaceOrientationPortrait;
				IPHONEOS_DEPLOYMENT_TARGET = 15.6;
				LD_RUNPATH_SEARCH_PATHS = (
					"$(inherited)",
					"@executable_path/Frameworks",
				);
				MARKETING_VERSION = 1.0;
				PRODUCT_BUNDLE_IDENTIFIER = "IgorAndCompany.Text-Fields";
				PRODUCT_NAME = "$(TARGET_NAME)";
				SWIFT_EMIT_LOC_STRINGS = YES;
				SWIFT_VERSION = 5.0;
				TARGETED_DEVICE_FAMILY = "1,2";
			};
			name = Release;
		};
		AB08DCF42CD11EC00090E103 /* Debug */ = {
			isa = XCBuildConfiguration;
			buildSettings = {
				ALWAYS_SEARCH_USER_PATHS = NO;
				ASSETCATALOG_COMPILER_GENERATE_SWIFT_ASSET_SYMBOL_EXTENSIONS = YES;
				CLANG_ANALYZER_NONNULL = YES;
				CLANG_ANALYZER_NUMBER_OBJECT_CONVERSION = YES_AGGRESSIVE;
				CLANG_CXX_LANGUAGE_STANDARD = "gnu++20";
				CLANG_ENABLE_MODULES = YES;
				CLANG_ENABLE_OBJC_ARC = YES;
				CLANG_ENABLE_OBJC_WEAK = YES;
				CLANG_WARN_BLOCK_CAPTURE_AUTORELEASING = YES;
				CLANG_WARN_BOOL_CONVERSION = YES;
				CLANG_WARN_COMMA = YES;
				CLANG_WARN_CONSTANT_CONVERSION = YES;
				CLANG_WARN_DEPRECATED_OBJC_IMPLEMENTATIONS = YES;
				CLANG_WARN_DIRECT_OBJC_ISA_USAGE = YES_ERROR;
				CLANG_WARN_DOCUMENTATION_COMMENTS = YES;
				CLANG_WARN_EMPTY_BODY = YES;
				CLANG_WARN_ENUM_CONVERSION = YES;
				CLANG_WARN_INFINITE_RECURSION = YES;
				CLANG_WARN_INT_CONVERSION = YES;
				CLANG_WARN_NON_LITERAL_NULL_CONVERSION = YES;
				CLANG_WARN_OBJC_IMPLICIT_RETAIN_SELF = YES;
				CLANG_WARN_OBJC_LITERAL_CONVERSION = YES;
				CLANG_WARN_OBJC_ROOT_CLASS = YES_ERROR;
				CLANG_WARN_QUOTED_INCLUDE_IN_FRAMEWORK_HEADER = YES;
				CLANG_WARN_RANGE_LOOP_ANALYSIS = YES;
				CLANG_WARN_STRICT_PROTOTYPES = YES;
				CLANG_WARN_SUSPICIOUS_MOVE = YES;
				CLANG_WARN_UNGUARDED_AVAILABILITY = YES_AGGRESSIVE;
				CLANG_WARN_UNREACHABLE_CODE = YES;
				CLANG_WARN__DUPLICATE_METHOD_MATCH = YES;
				COPY_PHASE_STRIP = NO;
				DEBUG_INFORMATION_FORMAT = dwarf;
				ENABLE_STRICT_OBJC_MSGSEND = YES;
				ENABLE_TESTABILITY = YES;
				ENABLE_USER_SCRIPT_SANDBOXING = YES;
				GCC_C_LANGUAGE_STANDARD = gnu17;
				GCC_DYNAMIC_NO_PIC = NO;
				GCC_NO_COMMON_BLOCKS = YES;
				GCC_OPTIMIZATION_LEVEL = 0;
				GCC_PREPROCESSOR_DEFINITIONS = (
					"DEBUG=1",
					"$(inherited)",
				);
				GCC_WARN_64_TO_32_BIT_CONVERSION = YES;
				GCC_WARN_ABOUT_RETURN_TYPE = YES_ERROR;
				GCC_WARN_UNDECLARED_SELECTOR = YES;
				GCC_WARN_UNINITIALIZED_AUTOS = YES_AGGRESSIVE;
				GCC_WARN_UNUSED_FUNCTION = YES;
				GCC_WARN_UNUSED_VARIABLE = YES;
				IPHONEOS_DEPLOYMENT_TARGET = 18.0;
				LOCALIZATION_PREFERS_STRING_CATALOGS = YES;
				MTL_ENABLE_DEBUG_INFO = INCLUDE_SOURCE;
				MTL_FAST_MATH = YES;
				ONLY_ACTIVE_ARCH = YES;
				SDKROOT = iphoneos;
				SWIFT_ACTIVE_COMPILATION_CONDITIONS = "DEBUG $(inherited)";
				SWIFT_OPTIMIZATION_LEVEL = "-Onone";
			};
			name = Debug;
		};
		AB08DCF52CD11EC00090E103 /* Release */ = {
			isa = XCBuildConfiguration;
			buildSettings = {
				ALWAYS_SEARCH_USER_PATHS = NO;
				ASSETCATALOG_COMPILER_GENERATE_SWIFT_ASSET_SYMBOL_EXTENSIONS = YES;
				CLANG_ANALYZER_NONNULL = YES;
				CLANG_ANALYZER_NUMBER_OBJECT_CONVERSION = YES_AGGRESSIVE;
				CLANG_CXX_LANGUAGE_STANDARD = "gnu++20";
				CLANG_ENABLE_MODULES = YES;
				CLANG_ENABLE_OBJC_ARC = YES;
				CLANG_ENABLE_OBJC_WEAK = YES;
				CLANG_WARN_BLOCK_CAPTURE_AUTORELEASING = YES;
				CLANG_WARN_BOOL_CONVERSION = YES;
				CLANG_WARN_COMMA = YES;
				CLANG_WARN_CONSTANT_CONVERSION = YES;
				CLANG_WARN_DEPRECATED_OBJC_IMPLEMENTATIONS = YES;
				CLANG_WARN_DIRECT_OBJC_ISA_USAGE = YES_ERROR;
				CLANG_WARN_DOCUMENTATION_COMMENTS = YES;
				CLANG_WARN_EMPTY_BODY = YES;
				CLANG_WARN_ENUM_CONVERSION = YES;
				CLANG_WARN_INFINITE_RECURSION = YES;
				CLANG_WARN_INT_CONVERSION = YES;
				CLANG_WARN_NON_LITERAL_NULL_CONVERSION = YES;
				CLANG_WARN_OBJC_IMPLICIT_RETAIN_SELF = YES;
				CLANG_WARN_OBJC_LITERAL_CONVERSION = YES;
				CLANG_WARN_OBJC_ROOT_CLASS = YES_ERROR;
				CLANG_WARN_QUOTED_INCLUDE_IN_FRAMEWORK_HEADER = YES;
				CLANG_WARN_RANGE_LOOP_ANALYSIS = YES;
				CLANG_WARN_STRICT_PROTOTYPES = YES;
				CLANG_WARN_SUSPICIOUS_MOVE = YES;
				CLANG_WARN_UNGUARDED_AVAILABILITY = YES_AGGRESSIVE;
				CLANG_WARN_UNREACHABLE_CODE = YES;
				CLANG_WARN__DUPLICATE_METHOD_MATCH = YES;
				COPY_PHASE_STRIP = NO;
				DEBUG_INFORMATION_FORMAT = "dwarf-with-dsym";
				ENABLE_NS_ASSERTIONS = NO;
				ENABLE_STRICT_OBJC_MSGSEND = YES;
				ENABLE_USER_SCRIPT_SANDBOXING = YES;
				GCC_C_LANGUAGE_STANDARD = gnu17;
				GCC_NO_COMMON_BLOCKS = YES;
				GCC_WARN_64_TO_32_BIT_CONVERSION = YES;
				GCC_WARN_ABOUT_RETURN_TYPE = YES_ERROR;
				GCC_WARN_UNDECLARED_SELECTOR = YES;
				GCC_WARN_UNINITIALIZED_AUTOS = YES_AGGRESSIVE;
				GCC_WARN_UNUSED_FUNCTION = YES;
				GCC_WARN_UNUSED_VARIABLE = YES;
				IPHONEOS_DEPLOYMENT_TARGET = 18.0;
				LOCALIZATION_PREFERS_STRING_CATALOGS = YES;
				MTL_ENABLE_DEBUG_INFO = NO;
				MTL_FAST_MATH = YES;
				SDKROOT = iphoneos;
				SWIFT_COMPILATION_MODE = wholemodule;
				VALIDATE_PRODUCT = YES;
			};
			name = Release;
		};
/* End XCBuildConfiguration section */

/* Begin XCConfigurationList section */
		AB08DCD92CD11EBF0090E103 /* Build configuration list for PBXProject "Text Fields" */ = {
			isa = XCConfigurationList;
			buildConfigurations = (
				AB08DCF42CD11EC00090E103 /* Debug */,
				AB08DCF52CD11EC00090E103 /* Release */,
			);
			defaultConfigurationIsVisible = 0;
			defaultConfigurationName = Release;
		};
		AB08DCF12CD11EC00090E103 /* Build configuration list for PBXNativeTarget "Text Fields" */ = {
			isa = XCConfigurationList;
			buildConfigurations = (
				AB08DCF22CD11EC00090E103 /* Debug */,
				AB08DCF32CD11EC00090E103 /* Release */,
			);
			defaultConfigurationIsVisible = 0;
			defaultConfigurationName = Release;
		};
/* End XCConfigurationList section */
	};
	rootObject = AB08DCD62CD11EBF0090E103 /* Project object */;
}
